
Microsoft Visual Studio Solution File, Format Version 12.00
# Visual Studio 15
Project("{FAE04EC0-301F-11D3-BF4B-00C04F79EFBC}") = "MoreMountains.Tools", "MoreMountains.Tools.csproj", "{2C8834C8-92BF-D974-FE25-871989A75B6A}"
EndProject
Project("{FAE04EC0-301F-11D3-BF4B-00C04F79EFBC}") = "CAH.UnityGoogleSheets", "CAH.UnityGoogleSheets.csproj", "{03DF9569-1E66-0A6D-7025-DA688CFD6F93}"
EndProject
Project("{FAE04EC0-301F-11D3-BF4B-00C04F79EFBC}") = "MoreMountains.Feedbacks", "MoreMountains.Feedbacks.csproj", "{7BA91849-EE56-4206-CB7A-E8EBC51690C0}"
EndProject
Project("{FAE04EC0-301F-11D3-BF4B-00C04F79EFBC}") = "Assembly-CSharp", "Assembly-CSharp.csproj", "{C407CBC1-0250-5B30-41C2-44FE1233F9C0}"
EndProject
Project("{FAE04EC0-301F-11D3-BF4B-00C04F79EFBC}") = "MoreMountains.InventoryEngine", "MoreMountains.InventoryEngine.csproj", "{08C4612E-10CC-8632-75C0-9090C886C406}"
EndProject
Project("{FAE04EC0-301F-11D3-BF4B-00C04F79EFBC}") = "MoreMountains.Feedbacks.URP", "MoreMountains.Feedbacks.URP.csproj", "{72DCF0D8-3713-5F89-116E-C1B74E81AD6B}"
EndProject
Project("{FAE04EC0-301F-11D3-BF4B-00C04F79EFBC}") = "MoreMountains.Feedbacks.NiceVibrations", "MoreMountains.Feedbacks.NiceVibrations.csproj", "{663DB647-879E-1BE0-82AE-363649FC3267}"
EndProject
Project("{FAE04EC0-301F-11D3-BF4B-00C04F79EFBC}") = "MoreMountains.Feedbacks.PostProcessing", "MoreMountains.Feedbacks.PostProcessing.csproj", "{1D9EC7B2-37F0-AF98-1D75-706C3EF2D048}"
EndProject
Project("{FAE04EC0-301F-11D3-BF4B-00C04F79EFBC}") = "MoreMountains.Feedbacks.MMTools", "MoreMountains.Feedbacks.MMTools.csproj", "{759F0270-439D-9175-6DD3-C778A8EB16E9}"
EndProject
Project("{FAE04EC0-301F-11D3-BF4B-00C04F79EFBC}") = "MoreMountains.Feedbacks.TextMeshPro", "MoreMountains.Feedbacks.TextMeshPro.csproj", "{D5EBC371-BA34-E0B8-0652-165BAA4BD1BB}"
EndProject
Project("{FAE04EC0-301F-11D3-BF4B-00C04F79EFBC}") = "MoreMountains.Feedbacks.HDRP", "MoreMountains.Feedbacks.HDRP.csproj", "{0BB54EB2-2504-D9BB-F7FF-C8B435165748}"
EndProject
Project("{FAE04EC0-301F-11D3-BF4B-00C04F79EFBC}") = "MoreMountains.Interface", "MoreMountains.Interface.csproj", "{521564FE-42C8-52EA-BB53-E5F3F0177B18}"
EndProject
Project("{FAE04EC0-301F-11D3-BF4B-00C04F79EFBC}") = "MoreMountains.Feedbacks.Cinemachine", "MoreMountains.Feedbacks.Cinemachine.csproj", "{D512A4EC-253B-E83C-BBD8-E6BB43544263}"
EndProject
Project("{FAE04EC0-301F-11D3-BF4B-00C04F79EFBC}") = "MoreMountains.Feedbacks.Authorizations", "MoreMountains.Feedbacks.Authorizations.csproj", "{7F2E974E-6B8D-0C86-AF89-4F760D5782AD}"
EndProject
Project("{FAE04EC0-301F-11D3-BF4B-00C04F79EFBC}") = "NavMeshComponents", "NavMeshComponents.csproj", "{4AAD6C75-80AF-47BF-9600-BFB96BF8F440}"
EndProject
Project("{FAE04EC0-301F-11D3-BF4B-00C04F79EFBC}") = "MoreMountains.Tools.Editor", "MoreMountains.Tools.Editor.csproj", "{BFD5E65A-8E1D-DDB2-BF32-0527174A3527}"
EndProject
Project("{FAE04EC0-301F-11D3-BF4B-00C04F79EFBC}") = "CAH.UnityGoogleSheets.Editor", "CAH.UnityGoogleSheets.Editor.csproj", "{2EE1900C-91F5-CDE4-FBB9-76E50D7FC8C0}"
EndProject
Project("{FAE04EC0-301F-11D3-BF4B-00C04F79EFBC}") = "MoreMountains.InventoryEngine.Editor", "MoreMountains.InventoryEngine.Editor.csproj", "{B14B6040-2136-D385-038F-E620F8BB76CE}"
EndProject
Project("{FAE04EC0-301F-11D3-BF4B-00C04F79EFBC}") = "MoreMountains.Feedbacks.Editor", "MoreMountains.Feedbacks.Editor.csproj", "{B811CE8F-5E2D-CC9D-053F-7658F21FE3DC}"
EndProject
Project("{FAE04EC0-301F-11D3-BF4B-00C04F79EFBC}") = "Assembly-CSharp-Editor", "Assembly-CSharp-Editor.csproj", "{13D3B9E2-8E9C-FB5B-B113-8A3D9F22DEC3}"
EndProject
Project("{FAE04EC0-301F-11D3-BF4B-00C04F79EFBC}") = "NavMeshComponentsEditor", "NavMeshComponentsEditor.csproj", "{1D0217F6-DA82-08D7-AADE-811E169D6836}"
EndProject
Project("{FAE04EC0-301F-11D3-BF4B-00C04F79EFBC}") = "MoreMountains.Interface.Editor", "MoreMountains.Interface.Editor.csproj", "{AAFBA4F1-AB6B-57DC-0FE9-FACE6F8928B7}"
EndProject
Global
	GlobalSection(SolutionConfigurationPlatforms) = preSolution
		Debug|Any CPU = Debug|Any CPU
		Release|Any CPU = Release|Any CPU
	EndGlobalSection
	GlobalSection(ProjectConfigurationPlatforms) = postSolution
		{2C8834C8-92BF-D974-FE25-871989A75B6A}.Debug|Any CPU.ActiveCfg = Debug|Any CPU
		{2C8834C8-92BF-D974-FE25-871989A75B6A}.Debug|Any CPU.Build.0 = Debug|Any CPU
		{2C8834C8-92BF-D974-FE25-871989A75B6A}.Release|Any CPU.ActiveCfg = Release|Any CPU
		{2C8834C8-92BF-D974-FE25-871989A75B6A}.Release|Any CPU.Build.0 = Release|Any CPU
		{03DF9569-1E66-0A6D-7025-DA688CFD6F93}.Debug|Any CPU.ActiveCfg = Debug|Any CPU
		{03DF9569-1E66-0A6D-7025-DA688CFD6F93}.Debug|Any CPU.Build.0 = Debug|Any CPU
		{03DF9569-1E66-0A6D-7025-DA688CFD6F93}.Release|Any CPU.ActiveCfg = Release|Any CPU
		{03DF9569-1E66-0A6D-7025-DA688CFD6F93}.Release|Any CPU.Build.0 = Release|Any CPU
		{7BA91849-EE56-4206-CB7A-E8EBC51690C0}.Debug|Any CPU.ActiveCfg = Debug|Any CPU
		{7BA91849-EE56-4206-CB7A-E8EBC51690C0}.Debug|Any CPU.Build.0 = Debug|Any CPU
		{7BA91849-EE56-4206-CB7A-E8EBC51690C0}.Release|Any CPU.ActiveCfg = Release|Any CPU
		{7BA91849-EE56-4206-CB7A-E8EBC51690C0}.Release|Any CPU.Build.0 = Release|Any CPU
		{C407CBC1-0250-5B30-41C2-44FE1233F9C0}.Debug|Any CPU.ActiveCfg = Debug|Any CPU
		{C407CBC1-0250-5B30-41C2-44FE1233F9C0}.Debug|Any CPU.Build.0 = Debug|Any CPU
		{C407CBC1-0250-5B30-41C2-44FE1233F9C0}.Release|Any CPU.ActiveCfg = Release|Any CPU
		{C407CBC1-0250-5B30-41C2-44FE1233F9C0}.Release|Any CPU.Build.0 = Release|Any CPU
		{08C4612E-10CC-8632-75C0-9090C886C406}.Debug|Any CPU.ActiveCfg = Debug|Any CPU
		{08C4612E-10CC-8632-75C0-9090C886C406}.Debug|Any CPU.Build.0 = Debug|Any CPU
		{08C4612E-10CC-8632-75C0-9090C886C406}.Release|Any CPU.ActiveCfg = Release|Any CPU
		{08C4612E-10CC-8632-75C0-9090C886C406}.Release|Any CPU.Build.0 = Release|Any CPU
		{72DCF0D8-3713-5F89-116E-C1B74E81AD6B}.Debug|Any CPU.ActiveCfg = Debug|Any CPU
		{72DCF0D8-3713-5F89-116E-C1B74E81AD6B}.Debug|Any CPU.Build.0 = Debug|Any CPU
		{72DCF0D8-3713-5F89-116E-C1B74E81AD6B}.Release|Any CPU.ActiveCfg = Release|Any CPU
		{72DCF0D8-3713-5F89-116E-C1B74E81AD6B}.Release|Any CPU.Build.0 = Release|Any CPU
		{663DB647-879E-1BE0-82AE-363649FC3267}.Debug|Any CPU.ActiveCfg = Debug|Any CPU
		{663DB647-879E-1BE0-82AE-363649FC3267}.Debug|Any CPU.Build.0 = Debug|Any CPU
		{663DB647-879E-1BE0-82AE-363649FC3267}.Release|Any CPU.ActiveCfg = Release|Any CPU
		{663DB647-879E-1BE0-82AE-363649FC3267}.Release|Any CPU.Build.0 = Release|Any CPU
		{1D9EC7B2-37F0-AF98-1D75-706C3EF2D048}.Debug|Any CPU.ActiveCfg = Debug|Any CPU
		{1D9EC7B2-37F0-AF98-1D75-706C3EF2D048}.Debug|Any CPU.Build.0 = Debug|Any CPU
		{1D9EC7B2-37F0-AF98-1D75-706C3EF2D048}.Release|Any CPU.ActiveCfg = Release|Any CPU
		{1D9EC7B2-37F0-AF98-1D75-706C3EF2D048}.Release|Any CPU.Build.0 = Release|Any CPU
		{759F0270-439D-9175-6DD3-C778A8EB16E9}.Debug|Any CPU.ActiveCfg = Debug|Any CPU
		{759F0270-439D-9175-6DD3-C778A8EB16E9}.Debug|Any CPU.Build.0 = Debug|Any CPU
		{759F0270-439D-9175-6DD3-C778A8EB16E9}.Release|Any CPU.ActiveCfg = Release|Any CPU
		{759F0270-439D-9175-6DD3-C778A8EB16E9}.Release|Any CPU.Build.0 = Release|Any CPU
		{D5EBC371-BA34-E0B8-0652-165BAA4BD1BB}.Debug|Any CPU.ActiveCfg = Debug|Any CPU
		{D5EBC371-BA34-E0B8-0652-165BAA4BD1BB}.Debug|Any CPU.Build.0 = Debug|Any CPU
		{D5EBC371-BA34-E0B8-0652-165BAA4BD1BB}.Release|Any CPU.ActiveCfg = Release|Any CPU
		{D5EBC371-BA34-E0B8-0652-165BAA4BD1BB}.Release|Any CPU.Build.0 = Release|Any CPU
		{0BB54EB2-2504-D9BB-F7FF-C8B435165748}.Debug|Any CPU.ActiveCfg = Debug|Any CPU
		{0BB54EB2-2504-D9BB-F7FF-C8B435165748}.Debug|Any CPU.Build.0 = Debug|Any CPU
		{0BB54EB2-2504-D9BB-F7FF-C8B435165748}.Release|Any CPU.ActiveCfg = Release|Any CPU
		{0BB54EB2-2504-D9BB-F7FF-C8B435165748}.Release|Any CPU.Build.0 = Release|Any CPU
		{521564FE-42C8-52EA-BB53-E5F3F0177B18}.Debug|Any CPU.ActiveCfg = Debug|Any CPU
		{521564FE-42C8-52EA-BB53-E5F3F0177B18}.Debug|Any CPU.Build.0 = Debug|Any CPU
		{521564FE-42C8-52EA-BB53-E5F3F0177B18}.Release|Any CPU.ActiveCfg = Release|Any CPU
		{521564FE-42C8-52EA-BB53-E5F3F0177B18}.Release|Any CPU.Build.0 = Release|Any CPU
		{D512A4EC-253B-E83C-BBD8-E6BB43544263}.Debug|Any CPU.ActiveCfg = Debug|Any CPU
		{D512A4EC-253B-E83C-BBD8-E6BB43544263}.Debug|Any CPU.Build.0 = Debug|Any CPU
		{D512A4EC-253B-E83C-BBD8-E6BB43544263}.Release|Any CPU.ActiveCfg = Release|Any CPU
		{D512A4EC-253B-E83C-BBD8-E6BB43544263}.Release|Any CPU.Build.0 = Release|Any CPU
		{7F2E974E-6B8D-0C86-AF89-4F760D5782AD}.Debug|Any CPU.ActiveCfg = Debug|Any CPU
		{7F2E974E-6B8D-0C86-AF89-4F760D5782AD}.Debug|Any CPU.Build.0 = Debug|Any CPU
		{7F2E974E-6B8D-0C86-AF89-4F760D5782AD}.Release|Any CPU.ActiveCfg = Release|Any CPU
		{7F2E974E-6B8D-0C86-AF89-4F760D5782AD}.Release|Any CPU.Build.0 = Release|Any CPU
		{4AAD6C75-80AF-47BF-9600-BFB96BF8F440}.Debug|Any CPU.ActiveCfg = Debug|Any CPU
		{4AAD6C75-80AF-47BF-9600-BFB96BF8F440}.Debug|Any CPU.Build.0 = Debug|Any CPU
		{4AAD6C75-80AF-47BF-9600-BFB96BF8F440}.Release|Any CPU.ActiveCfg = Release|Any CPU
		{4AAD6C75-80AF-47BF-9600-BFB96BF8F440}.Release|Any CPU.Build.0 = Release|Any CPU
		{BFD5E65A-8E1D-DDB2-BF32-0527174A3527}.Debug|Any CPU.ActiveCfg = Debug|Any CPU
		{BFD5E65A-8E1D-DDB2-BF32-0527174A3527}.Debug|Any CPU.Build.0 = Debug|Any CPU
		{BFD5E65A-8E1D-DDB2-BF32-0527174A3527}.Release|Any CPU.ActiveCfg = Release|Any CPU
		{BFD5E65A-8E1D-DDB2-BF32-0527174A3527}.Release|Any CPU.Build.0 = Release|Any CPU
		{2EE1900C-91F5-CDE4-FBB9-76E50D7FC8C0}.Debug|Any CPU.ActiveCfg = Debug|Any CPU
		{2EE1900C-91F5-CDE4-FBB9-76E50D7FC8C0}.Debug|Any CPU.Build.0 = Debug|Any CPU
		{2EE1900C-91F5-CDE4-FBB9-76E50D7FC8C0}.Release|Any CPU.ActiveCfg = Release|Any CPU
		{2EE1900C-91F5-CDE4-FBB9-76E50D7FC8C0}.Release|Any CPU.Build.0 = Release|Any CPU
		{B14B6040-2136-D385-038F-E620F8BB76CE}.Debug|Any CPU.ActiveCfg = Debug|Any CPU
		{B14B6040-2136-D385-038F-E620F8BB76CE}.Debug|Any CPU.Build.0 = Debug|Any CPU
		{B14B6040-2136-D385-038F-E620F8BB76CE}.Release|Any CPU.ActiveCfg = Release|Any CPU
		{B14B6040-2136-D385-038F-E620F8BB76CE}.Release|Any CPU.Build.0 = Release|Any CPU
		{B811CE8F-5E2D-CC9D-053F-7658F21FE3DC}.Debug|Any CPU.ActiveCfg = Debug|Any CPU
		{B811CE8F-5E2D-CC9D-053F-7658F21FE3DC}.Debug|Any CPU.Build.0 = Debug|Any CPU
		{B811CE8F-5E2D-CC9D-053F-7658F21FE3DC}.Release|Any CPU.ActiveCfg = Release|Any CPU
		{B811CE8F-5E2D-CC9D-053F-7658F21FE3DC}.Release|Any CPU.Build.0 = Release|Any CPU
		{13D3B9E2-8E9C-FB5B-B113-8A3D9F22DEC3}.Debug|Any CPU.ActiveCfg = Debug|Any CPU
		{13D3B9E2-8E9C-FB5B-B113-8A3D9F22DEC3}.Debug|Any CPU.Build.0 = Debug|Any CPU
		{13D3B9E2-8E9C-FB5B-B113-8A3D9F22DEC3}.Release|Any CPU.ActiveCfg = Release|Any CPU
		{13D3B9E2-8E9C-FB5B-B113-8A3D9F22DEC3}.Release|Any CPU.Build.0 = Release|Any CPU
		{1D0217F6-DA82-08D7-AADE-811E169D6836}.Debug|Any CPU.ActiveCfg = Debug|Any CPU
		{1D0217F6-DA82-08D7-AADE-811E169D6836}.Debug|Any CPU.Build.0 = Debug|Any CPU
		{1D0217F6-DA82-08D7-AADE-811E169D6836}.Release|Any CPU.ActiveCfg = Release|Any CPU
		{1D0217F6-DA82-08D7-AADE-811E169D6836}.Release|Any CPU.Build.0 = Release|Any CPU
		{AAFBA4F1-AB6B-57DC-0FE9-FACE6F8928B7}.Debug|Any CPU.ActiveCfg = Debug|Any CPU
		{AAFBA4F1-AB6B-57DC-0FE9-FACE6F8928B7}.Debug|Any CPU.Build.0 = Debug|Any CPU
		{AAFBA4F1-AB6B-57DC-0FE9-FACE6F8928B7}.Release|Any CPU.ActiveCfg = Release|Any CPU
		{AAFBA4F1-AB6B-57DC-0FE9-FACE6F8928B7}.Release|Any CPU.Build.0 = Release|Any CPU
	EndGlobalSection
	GlobalSection(SolutionProperties) = preSolution
		HideSolutionNode = FALSE
	EndGlobalSection
EndGlobal
